
Microsoft Visual Studio Solution File, Format Version 12.00
# Visual Studio Version 16
VisualStudioVersion = 16.0.31025.194
MinimumVisualStudioVersion = 10.0.40219.1
Project("{D2ABAB84-BF74-430A-B69E-9DC6D40DDA17}") = "ANALYSIS-TP-SIAD-03-2021", "ANALYSIS-TP-SIAD-03-2021.dwproj", "{2B3D16BE-AFEC-4595-A3AA-3093B78236BF}"
EndProject
Global
	GlobalSection(SolutionConfigurationPlatforms) = preSolution
		Development|Default = Development|Default
	EndGlobalSection
	GlobalSection(ProjectConfigurationPlatforms) = postSolution
		{2B3D16BE-AFEC-4595-A3AA-3093B78236BF}.Development|Default.ActiveCfg = Development
		{2B3D16BE-AFEC-4595-A3AA-3093B78236BF}.Development|Default.Build.0 = Development
		{2B3D16BE-AFEC-4595-A3AA-3093B78236BF}.Development|Default.Deploy.0 = Development
	EndGlobalSection
	GlobalSection(SolutionProperties) = preSolution
		HideSolutionNode = FALSE
	EndGlobalSection
	GlobalSection(ExtensibilityGlobals) = postSolution
		SolutionGuid = {413A5B46-F11E-44CC-9876-FF5D5488A46F}
	EndGlobalSection
EndGlobal
